
Microsoft Visual Studio Solution File, Format Version 12.00
# Visual Studio Version 17
VisualStudioVersion = 17.4.33213.308
MinimumVisualStudioVersion = 10.0.40219.1
Project("{FAE04EC0-301F-11D3-BF4B-00C04F79EFBC}") = "NoName", "NoName\NoName.csproj", "{EA8F49DD-A53C-4FA5-B37A-FE67D939DC6D}"
EndProject
Global
	GlobalSection(SolutionConfigurationPlatforms) = preSolution
		Debug|Any CPU = Debug|Any CPU
		Release|Any CPU = Release|Any CPU
	EndGlobalSection
	GlobalSection(ProjectConfigurationPlatforms) = postSolution
		{EA8F49DD-A53C-4FA5-B37A-FE67D939DC6D}.Debug|Any CPU.ActiveCfg = Debug|Any CPU
		{EA8F49DD-A53C-4FA5-B37A-FE67D939DC6D}.Debug|Any CPU.Build.0 = Debug|Any CPU
		{EA8F49DD-A53C-4FA5-B37A-FE67D939DC6D}.Release|Any CPU.ActiveCfg = Release|Any CPU
		{EA8F49DD-A53C-4FA5-B37A-FE67D939DC6D}.Release|Any CPU.Build.0 = Release|Any CPU
	EndGlobalSection
	GlobalSection(SolutionProperties) = preSolution
		HideSolutionNode = FALSE
	EndGlobalSection
	GlobalSection(ExtensibilityGlobals) = postSolution
		SolutionGuid = {6D79D2E5-082D-4FE4-A893-9418DBA799F5}
	EndGlobalSection
EndGlobal
